// !$*UTF8*$!
{
	archiveVersion = 1;
	classes = {
	};
	objectVersion = 50;
	objects = {

/* Begin PBXBuildFile section */
		7E9276A82150A5A600C5A69E /* Ubuntu-Regular.ttf in Resources */ = {isa = PBXBuildFile; fileRef = 7E9276A02150A42900C5A69E /* Ubuntu-Regular.ttf */; };
		7E9276A92150A5A900C5A69E /* Ubuntu-Medium.ttf in Resources */ = {isa = PBXBuildFile; fileRef = 7E9276A12150A42900C5A69E /* Ubuntu-Medium.ttf */; };
		7E9276AA2150A5AC00C5A69E /* Ubuntu-Italic.ttf in Resources */ = {isa = PBXBuildFile; fileRef = 7E9276A62150A42A00C5A69E /* Ubuntu-Italic.ttf */; };
		7E9276AB2150A5AE00C5A69E /* Ubuntu-BoldItalic.ttf in Resources */ = {isa = PBXBuildFile; fileRef = 7E9276A42150A42A00C5A69E /* Ubuntu-BoldItalic.ttf */; };
		7E9276AC2150A5B200C5A69E /* Ubuntu-Bold.ttf in Resources */ = {isa = PBXBuildFile; fileRef = 7E9276A52150A42A00C5A69E /* Ubuntu-Bold.ttf */; };
		7EB7145E2140B1CA00110D94 /* AppDelegate.swift in Sources */ = {isa = PBXBuildFile; fileRef = 7EB7145D2140B1CA00110D94 /* AppDelegate.swift */; };
		7EB714602140B1CA00110D94 /* ViewController.swift in Sources */ = {isa = PBXBuildFile; fileRef = 7EB7145F2140B1CA00110D94 /* ViewController.swift */; };
		7EB714632140B1CA00110D94 /* Main.storyboard in Resources */ = {isa = PBXBuildFile; fileRef = 7EB714612140B1CA00110D94 /* Main.storyboard */; };
		7EB714652140B1CB00110D94 /* Assets.xcassets in Resources */ = {isa = PBXBuildFile; fileRef = 7EB714642140B1CB00110D94 /* Assets.xcassets */; };
		7EB714682140B1CB00110D94 /* LaunchScreen.storyboard in Resources */ = {isa = PBXBuildFile; fileRef = 7EB714662140B1CB00110D94 /* LaunchScreen.storyboard */; };
		7EB714732140B1CB00110D94 /* AYTypeWritterTests.swift in Sources */ = {isa = PBXBuildFile; fileRef = 7EB714722140B1CB00110D94 /* AYTypeWritterTests.swift */; };
		7EB7147E2140B1CB00110D94 /* AYTypeWritterUITests.swift in Sources */ = {isa = PBXBuildFile; fileRef = 7EB7147D2140B1CB00110D94 /* AYTypeWritterUITests.swift */; };
		7EB7148C2140B21900110D94 /* AYTypewriterView.swift in Sources */ = {isa = PBXBuildFile; fileRef = 7EB7148B2140B21900110D94 /* AYTypewriterView.swift */; };
/* End PBXBuildFile section */

/* Begin PBXContainerItemProxy section */
		7EB7146F2140B1CB00110D94 /* PBXContainerItemProxy */ = {
			isa = PBXContainerItemProxy;
			containerPortal = 7EB714522140B1CA00110D94 /* Project object */;
			proxyType = 1;
			remoteGlobalIDString = 7EB714592140B1CA00110D94;
			remoteInfo = AYTypeWritter;
		};
		7EB7147A2140B1CB00110D94 /* PBXContainerItemProxy */ = {
			isa = PBXContainerItemProxy;
			containerPortal = 7EB714522140B1CA00110D94 /* Project object */;
			proxyType = 1;
			remoteGlobalIDString = 7EB714592140B1CA00110D94;
			remoteInfo = AYTypeWritter;
		};
/* End PBXContainerItemProxy section */

/* Begin PBXFileReference section */
		7E9276A02150A42900C5A69E /* Ubuntu-Regular.ttf */ = {isa = PBXFileReference; lastKnownFileType = file; path = "Ubuntu-Regular.ttf"; sourceTree = "<group>"; };
		7E9276A12150A42900C5A69E /* Ubuntu-Medium.ttf */ = {isa = PBXFileReference; lastKnownFileType = file; path = "Ubuntu-Medium.ttf"; sourceTree = "<group>"; };
		7E9276A42150A42A00C5A69E /* Ubuntu-BoldItalic.ttf */ = {isa = PBXFileReference; lastKnownFileType = file; path = "Ubuntu-BoldItalic.ttf"; sourceTree = "<group>"; };
		7E9276A52150A42A00C5A69E /* Ubuntu-Bold.ttf */ = {isa = PBXFileReference; lastKnownFileType = file; path = "Ubuntu-Bold.ttf"; sourceTree = "<group>"; };
		7E9276A62150A42A00C5A69E /* Ubuntu-Italic.ttf */ = {isa = PBXFileReference; lastKnownFileType = file; path = "Ubuntu-Italic.ttf"; sourceTree = "<group>"; };
		7EB7145A2140B1CA00110D94 /* AYTypeWriterView.app */ = {isa = PBXFileReference; explicitFileType = wrapper.application; includeInIndex = 0; path = AYTypeWriterView.app; sourceTree = BUILT_PRODUCTS_DIR; };
		7EB7145D2140B1CA00110D94 /* AppDelegate.swift */ = {isa = PBXFileReference; lastKnownFileType = sourcecode.swift; path = AppDelegate.swift; sourceTree = "<group>"; };
		7EB7145F2140B1CA00110D94 /* ViewController.swift */ = {isa = PBXFileReference; lastKnownFileType = sourcecode.swift; path = ViewController.swift; sourceTree = "<group>"; };
		7EB714622140B1CA00110D94 /* Base */ = {isa = PBXFileReference; lastKnownFileType = file.storyboard; name = Base; path = Base.lproj/Main.storyboard; sourceTree = "<group>"; };
		7EB714642140B1CB00110D94 /* Assets.xcassets */ = {isa = PBXFileReference; lastKnownFileType = folder.assetcatalog; path = Assets.xcassets; sourceTree = "<group>"; };
		7EB714672140B1CB00110D94 /* Base */ = {isa = PBXFileReference; lastKnownFileType = file.storyboard; name = Base; path = Base.lproj/LaunchScreen.storyboard; sourceTree = "<group>"; };
		7EB714692140B1CB00110D94 /* Info.plist */ = {isa = PBXFileReference; lastKnownFileType = text.plist.xml; path = Info.plist; sourceTree = "<group>"; };
		7EB7146E2140B1CB00110D94 /* AYTypeWriterViewTests.xctest */ = {isa = PBXFileReference; explicitFileType = wrapper.cfbundle; includeInIndex = 0; path = AYTypeWriterViewTests.xctest; sourceTree = BUILT_PRODUCTS_DIR; };
		7EB714722140B1CB00110D94 /* AYTypeWritterTests.swift */ = {isa = PBXFileReference; lastKnownFileType = sourcecode.swift; path = AYTypeWritterTests.swift; sourceTree = "<group>"; };
		7EB714742140B1CB00110D94 /* Info.plist */ = {isa = PBXFileReference; lastKnownFileType = text.plist.xml; path = Info.plist; sourceTree = "<group>"; };
		7EB714792140B1CB00110D94 /* AYTypeWriterViewUITests.xctest */ = {isa = PBXFileReference; explicitFileType = wrapper.cfbundle; includeInIndex = 0; path = AYTypeWriterViewUITests.xctest; sourceTree = BUILT_PRODUCTS_DIR; };
		7EB7147D2140B1CB00110D94 /* AYTypeWritterUITests.swift */ = {isa = PBXFileReference; lastKnownFileType = sourcecode.swift; path = AYTypeWritterUITests.swift; sourceTree = "<group>"; };
		7EB7147F2140B1CB00110D94 /* Info.plist */ = {isa = PBXFileReference; lastKnownFileType = text.plist.xml; path = Info.plist; sourceTree = "<group>"; };
		7EB7148B2140B21900110D94 /* AYTypewriterView.swift */ = {isa = PBXFileReference; lastKnownFileType = sourcecode.swift; path = AYTypewriterView.swift; sourceTree = "<group>"; };
/* End PBXFileReference section */

/* Begin PBXFrameworksBuildPhase section */
		7EB714572140B1CA00110D94 /* Frameworks */ = {
			isa = PBXFrameworksBuildPhase;
			buildActionMask = 2147483647;
			files = (
			);
			runOnlyForDeploymentPostprocessing = 0;
		};
		7EB7146B2140B1CB00110D94 /* Frameworks */ = {
			isa = PBXFrameworksBuildPhase;
			buildActionMask = 2147483647;
			files = (
			);
			runOnlyForDeploymentPostprocessing = 0;
		};
		7EB714762140B1CB00110D94 /* Frameworks */ = {
			isa = PBXFrameworksBuildPhase;
			buildActionMask = 2147483647;
			files = (
			);
			runOnlyForDeploymentPostprocessing = 0;
		};
/* End PBXFrameworksBuildPhase section */

/* Begin PBXGroup section */
		7E92769E2150A41300C5A69E /* Resources */ = {
			isa = PBXGroup;
			children = (
				7E92769F2150A41F00C5A69E /* Fonts */,
			);
			path = Resources;
			sourceTree = "<group>";
		};
		7E92769F2150A41F00C5A69E /* Fonts */ = {
			isa = PBXGroup;
			children = (
				7E9276A52150A42A00C5A69E /* Ubuntu-Bold.ttf */,
				7E9276A42150A42A00C5A69E /* Ubuntu-BoldItalic.ttf */,
				7E9276A62150A42A00C5A69E /* Ubuntu-Italic.ttf */,
				7E9276A12150A42900C5A69E /* Ubuntu-Medium.ttf */,
				7E9276A02150A42900C5A69E /* Ubuntu-Regular.ttf */,
			);
			path = Fonts;
			sourceTree = "<group>";
		};
		7EB714512140B1CA00110D94 = {
			isa = PBXGroup;
			children = (
				7EB7145C2140B1CA00110D94 /* AYTypeWritter */,
				7EB714712140B1CB00110D94 /* AYTypeWritterTests */,
				7EB7147C2140B1CB00110D94 /* AYTypeWritterUITests */,
				7EB7145B2140B1CA00110D94 /* Products */,
			);
			sourceTree = "<group>";
		};
		7EB7145B2140B1CA00110D94 /* Products */ = {
			isa = PBXGroup;
			children = (
				7EB7145A2140B1CA00110D94 /* AYTypeWriterView.app */,
				7EB7146E2140B1CB00110D94 /* AYTypeWriterViewTests.xctest */,
				7EB714792140B1CB00110D94 /* AYTypeWriterViewUITests.xctest */,
			);
			name = Products;
			sourceTree = "<group>";
		};
		7EB7145C2140B1CA00110D94 /* AYTypeWritter */ = {
			isa = PBXGroup;
			children = (
				7E92769E2150A41300C5A69E /* Resources */,
				7EB7145D2140B1CA00110D94 /* AppDelegate.swift */,
				7EB7145F2140B1CA00110D94 /* ViewController.swift */,
				7EB714612140B1CA00110D94 /* Main.storyboard */,
				7EB714642140B1CB00110D94 /* Assets.xcassets */,
				7EB714662140B1CB00110D94 /* LaunchScreen.storyboard */,
				7EB714692140B1CB00110D94 /* Info.plist */,
				7EB7148B2140B21900110D94 /* AYTypewriterView.swift */,
			);
			path = AYTypeWritter;
			sourceTree = "<group>";
		};
		7EB714712140B1CB00110D94 /* AYTypeWritterTests */ = {
			isa = PBXGroup;
			children = (
				7EB714722140B1CB00110D94 /* AYTypeWritterTests.swift */,
				7EB714742140B1CB00110D94 /* Info.plist */,
			);
			path = AYTypeWritterTests;
			sourceTree = "<group>";
		};
		7EB7147C2140B1CB00110D94 /* AYTypeWritterUITests */ = {
			isa = PBXGroup;
			children = (
				7EB7147D2140B1CB00110D94 /* AYTypeWritterUITests.swift */,
				7EB7147F2140B1CB00110D94 /* Info.plist */,
			);
			path = AYTypeWritterUITests;
			sourceTree = "<group>";
		};
/* End PBXGroup section */

/* Begin PBXNativeTarget section */
		7EB714592140B1CA00110D94 /* AYTypeWriterView */ = {
			isa = PBXNativeTarget;
			buildConfigurationList = 7EB714822140B1CB00110D94 /* Build configuration list for PBXNativeTarget "AYTypeWriterView" */;
			buildPhases = (
				7EB714562140B1CA00110D94 /* Sources */,
				7EB714572140B1CA00110D94 /* Frameworks */,
				7EB714582140B1CA00110D94 /* Resources */,
			);
			buildRules = (
			);
			dependencies = (
			);
			name = AYTypeWriterView;
			productName = AYTypeWritter;
			productReference = 7EB7145A2140B1CA00110D94 /* AYTypeWriterView.app */;
			productType = "com.apple.product-type.application";
		};
		7EB7146D2140B1CB00110D94 /* AYTypeWriterViewTests */ = {
			isa = PBXNativeTarget;
			buildConfigurationList = 7EB714852140B1CB00110D94 /* Build configuration list for PBXNativeTarget "AYTypeWriterViewTests" */;
			buildPhases = (
				7EB7146A2140B1CB00110D94 /* Sources */,
				7EB7146B2140B1CB00110D94 /* Frameworks */,
				7EB7146C2140B1CB00110D94 /* Resources */,
			);
			buildRules = (
			);
			dependencies = (
				7EB714702140B1CB00110D94 /* PBXTargetDependency */,
			);
			name = AYTypeWriterViewTests;
			productName = AYTypeWritterTests;
			productReference = 7EB7146E2140B1CB00110D94 /* AYTypeWriterViewTests.xctest */;
			productType = "com.apple.product-type.bundle.unit-test";
		};
		7EB714782140B1CB00110D94 /* AYTypeWriterViewUITests */ = {
			isa = PBXNativeTarget;
			buildConfigurationList = 7EB714882140B1CB00110D94 /* Build configuration list for PBXNativeTarget "AYTypeWriterViewUITests" */;
			buildPhases = (
				7EB714752140B1CB00110D94 /* Sources */,
				7EB714762140B1CB00110D94 /* Frameworks */,
				7EB714772140B1CB00110D94 /* Resources */,
			);
			buildRules = (
			);
			dependencies = (
				7EB7147B2140B1CB00110D94 /* PBXTargetDependency */,
			);
			name = AYTypeWriterViewUITests;
			productName = AYTypeWritterUITests;
			productReference = 7EB714792140B1CB00110D94 /* AYTypeWriterViewUITests.xctest */;
			productType = "com.apple.product-type.bundle.ui-testing";
		};
/* End PBXNativeTarget section */

/* Begin PBXProject section */
		7EB714522140B1CA00110D94 /* Project object */ = {
			isa = PBXProject;
			attributes = {
				LastSwiftUpdateCheck = 0940;
				LastUpgradeCheck = 0940;
				ORGANIZATIONNAME = "Anson Yao";
				TargetAttributes = {
					7EB714592140B1CA00110D94 = {
						CreatedOnToolsVersion = 9.4.1;
					};
					7EB7146D2140B1CB00110D94 = {
						CreatedOnToolsVersion = 9.4.1;
						TestTargetID = 7EB714592140B1CA00110D94;
					};
					7EB714782140B1CB00110D94 = {
						CreatedOnToolsVersion = 9.4.1;
						TestTargetID = 7EB714592140B1CA00110D94;
					};
				};
			};
			buildConfigurationList = 7EB714552140B1CA00110D94 /* Build configuration list for PBXProject "AYTypeWriterView" */;
			compatibilityVersion = "Xcode 9.3";
			developmentRegion = en;
			hasScannedForEncodings = 0;
			knownRegions = (
				en,
				Base,
			);
			mainGroup = 7EB714512140B1CA00110D94;
			productRefGroup = 7EB7145B2140B1CA00110D94 /* Products */;
			projectDirPath = "";
			projectRoot = "";
			targets = (
				7EB714592140B1CA00110D94 /* AYTypeWriterView */,
				7EB7146D2140B1CB00110D94 /* AYTypeWriterViewTests */,
				7EB714782140B1CB00110D94 /* AYTypeWriterViewUITests */,
			);
		};
/* End PBXProject section */

/* Begin PBXResourcesBuildPhase section */
		7EB714582140B1CA00110D94 /* Resources */ = {
			isa = PBXResourcesBuildPhase;
			buildActionMask = 2147483647;
			files = (
				7E9276A82150A5A600C5A69E /* Ubuntu-Regular.ttf in Resources */,
				7E9276AB2150A5AE00C5A69E /* Ubuntu-BoldItalic.ttf in Resources */,
				7E9276AA2150A5AC00C5A69E /* Ubuntu-Italic.ttf in Resources */,
				7E9276A92150A5A900C5A69E /* Ubuntu-Medium.ttf in Resources */,
				7E9276AC2150A5B200C5A69E /* Ubuntu-Bold.ttf in Resources */,
				7EB714682140B1CB00110D94 /* LaunchScreen.storyboard in Resources */,
				7EB714652140B1CB00110D94 /* Assets.xcassets in Resources */,
				7EB714632140B1CA00110D94 /* Main.storyboard in Resources */,
			);
			runOnlyForDeploymentPostprocessing = 0;
		};
		7EB7146C2140B1CB00110D94 /* Resources */ = {
			isa = PBXResourcesBuildPhase;
			buildActionMask = 2147483647;
			files = (
			);
			runOnlyForDeploymentPostprocessing = 0;
		};
		7EB714772140B1CB00110D94 /* Resources */ = {
			isa = PBXResourcesBuildPhase;
			buildActionMask = 2147483647;
			files = (
			);
			runOnlyForDeploymentPostprocessing = 0;
		};
/* End PBXResourcesBuildPhase section */

/* Begin PBXSourcesBuildPhase section */
		7EB714562140B1CA00110D94 /* Sources */ = {
			isa = PBXSourcesBuildPhase;
			buildActionMask = 2147483647;
			files = (
				7EB714602140B1CA00110D94 /* ViewController.swift in Sources */,
				7EB7148C2140B21900110D94 /* AYTypewriterView.swift in Sources */,
				7EB7145E2140B1CA00110D94 /* AppDelegate.swift in Sources */,
			);
			runOnlyForDeploymentPostprocessing = 0;
		};
		7EB7146A2140B1CB00110D94 /* Sources */ = {
			isa = PBXSourcesBuildPhase;
			buildActionMask = 2147483647;
			files = (
				7EB714732140B1CB00110D94 /* AYTypeWritterTests.swift in Sources */,
			);
			runOnlyForDeploymentPostprocessing = 0;
		};
		7EB714752140B1CB00110D94 /* Sources */ = {
			isa = PBXSourcesBuildPhase;
			buildActionMask = 2147483647;
			files = (
				7EB7147E2140B1CB00110D94 /* AYTypeWritterUITests.swift in Sources */,
			);
			runOnlyForDeploymentPostprocessing = 0;
		};
/* End PBXSourcesBuildPhase section */

/* Begin PBXTargetDependency section */
		7EB714702140B1CB00110D94 /* PBXTargetDependency */ = {
			isa = PBXTargetDependency;
			target = 7EB714592140B1CA00110D94 /* AYTypeWriterView */;
			targetProxy = 7EB7146F2140B1CB00110D94 /* PBXContainerItemProxy */;
		};
		7EB7147B2140B1CB00110D94 /* PBXTargetDependency */ = {
			isa = PBXTargetDependency;
			target = 7EB714592140B1CA00110D94 /* AYTypeWriterView */;
			targetProxy = 7EB7147A2140B1CB00110D94 /* PBXContainerItemProxy */;
		};
/* End PBXTargetDependency section */

/* Begin PBXVariantGroup section */
		7EB714612140B1CA00110D94 /* Main.storyboard */ = {
			isa = PBXVariantGroup;
			children = (
				7EB714622140B1CA00110D94 /* Base */,
			);
			name = Main.storyboard;
			sourceTree = "<group>";
		};
		7EB714662140B1CB00110D94 /* LaunchScreen.storyboard */ = {
			isa = PBXVariantGroup;
			children = (
				7EB714672140B1CB00110D94 /* Base */,
			);
			name = LaunchScreen.storyboard;
			sourceTree = "<group>";
		};
/* End PBXVariantGroup section */

/* Begin XCBuildConfiguration section */
		7EB714802140B1CB00110D94 /* Debug */ = {
			isa = XCBuildConfiguration;
			buildSettings = {
				ALWAYS_SEARCH_USER_PATHS = NO;
				CLANG_ANALYZER_NONNULL = YES;
				CLANG_ANALYZER_NUMBER_OBJECT_CONVERSION = YES_AGGRESSIVE;
				CLANG_CXX_LANGUAGE_STANDARD = "gnu++14";
				CLANG_CXX_LIBRARY = "libc++";
				CLANG_ENABLE_MODULES = YES;
				CLANG_ENABLE_OBJC_ARC = YES;
				CLANG_ENABLE_OBJC_WEAK = YES;
				CLANG_WARN_BLOCK_CAPTURE_AUTORELEASING = YES;
				CLANG_WARN_BOOL_CONVERSION = YES;
				CLANG_WARN_COMMA = YES;
				CLANG_WARN_CONSTANT_CONVERSION = YES;
				CLANG_WARN_DEPRECATED_OBJC_IMPLEMENTATIONS = YES;
				CLANG_WARN_DIRECT_OBJC_ISA_USAGE = YES_ERROR;
				CLANG_WARN_DOCUMENTATION_COMMENTS = YES;
				CLANG_WARN_EMPTY_BODY = YES;
				CLANG_WARN_ENUM_CONVERSION = YES;
				CLANG_WARN_INFINITE_RECURSION = YES;
				CLANG_WARN_INT_CONVERSION = YES;
				CLANG_WARN_NON_LITERAL_NULL_CONVERSION = YES;
				CLANG_WARN_OBJC_IMPLICIT_RETAIN_SELF = YES;
				CLANG_WARN_OBJC_LITERAL_CONVERSION = YES;
				CLANG_WARN_OBJC_ROOT_CLASS = YES_ERROR;
				CLANG_WARN_RANGE_LOOP_ANALYSIS = YES;
				CLANG_WARN_STRICT_PROTOTYPES = YES;
				CLANG_WARN_SUSPICIOUS_MOVE = YES;
				CLANG_WARN_UNGUARDED_AVAILABILITY = YES_AGGRESSIVE;
				CLANG_WARN_UNREACHABLE_CODE = YES;
				CLANG_WARN__DUPLICATE_METHOD_MATCH = YES;
				CODE_SIGN_IDENTITY = "iPhone Developer";
				COPY_PHASE_STRIP = NO;
				DEBUG_INFORMATION_FORMAT = dwarf;
				ENABLE_STRICT_OBJC_MSGSEND = YES;
				ENABLE_TESTABILITY = YES;
				GCC_C_LANGUAGE_STANDARD = gnu11;
				GCC_DYNAMIC_NO_PIC = NO;
				GCC_NO_COMMON_BLOCKS = YES;
				GCC_OPTIMIZATION_LEVEL = 0;
				GCC_PREPROCESSOR_DEFINITIONS = (
					"DEBUG=1",
					"$(inherited)",
				);
				GCC_WARN_64_TO_32_BIT_CONVERSION = YES;
				GCC_WARN_ABOUT_RETURN_TYPE = YES_ERROR;
				GCC_WARN_UNDECLARED_SELECTOR = YES;
				GCC_WARN_UNINITIALIZED_AUTOS = YES_AGGRESSIVE;
				GCC_WARN_UNUSED_FUNCTION = YES;
				GCC_WARN_UNUSED_VARIABLE = YES;
				IPHONEOS_DEPLOYMENT_TARGET = 11.4;
				MTL_ENABLE_DEBUG_INFO = YES;
				ONLY_ACTIVE_ARCH = YES;
				SDKROOT = iphoneos;
				SWIFT_ACTIVE_COMPILATION_CONDITIONS = DEBUG;
				SWIFT_OPTIMIZATION_LEVEL = "-Onone";
			};
			name = Debug;
		};
		7EB714812140B1CB00110D94 /* Release */ = {
			isa = XCBuildConfiguration;
			buildSettings = {
				ALWAYS_SEARCH_USER_PATHS = NO;
				CLANG_ANALYZER_NONNULL = YES;
				CLANG_ANALYZER_NUMBER_OBJECT_CONVERSION = YES_AGGRESSIVE;
				CLANG_CXX_LANGUAGE_STANDARD = "gnu++14";
				CLANG_CXX_LIBRARY = "libc++";
				CLANG_ENABLE_MODULES = YES;
				CLANG_ENABLE_OBJC_ARC = YES;
				CLANG_ENABLE_OBJC_WEAK = YES;
				CLANG_WARN_BLOCK_CAPTURE_AUTORELEASING = YES;
				CLANG_WARN_BOOL_CONVERSION = YES;
				CLANG_WARN_COMMA = YES;
				CLANG_WARN_CONSTANT_CONVERSION = YES;
				CLANG_WARN_DEPRECATED_OBJC_IMPLEMENTATIONS = YES;
				CLANG_WARN_DIRECT_OBJC_ISA_USAGE = YES_ERROR;
				CLANG_WARN_DOCUMENTATION_COMMENTS = YES;
				CLANG_WARN_EMPTY_BODY = YES;
				CLANG_WARN_ENUM_CONVERSION = YES;
				CLANG_WARN_INFINITE_RECURSION = YES;
				CLANG_WARN_INT_CONVERSION = YES;
				CLANG_WARN_NON_LITERAL_NULL_CONVERSION = YES;
				CLANG_WARN_OBJC_IMPLICIT_RETAIN_SELF = YES;
				CLANG_WARN_OBJC_LITERAL_CONVERSION = YES;
				CLANG_WARN_OBJC_ROOT_CLASS = YES_ERROR;
				CLANG_WARN_RANGE_LOOP_ANALYSIS = YES;
				CLANG_WARN_STRICT_PROTOTYPES = YES;
				CLANG_WARN_SUSPICIOUS_MOVE = YES;
				CLANG_WARN_UNGUARDED_AVAILABILITY = YES_AGGRESSIVE;
				CLANG_WARN_UNREACHABLE_CODE = YES;
				CLANG_WARN__DUPLICATE_METHOD_MATCH = YES;
				CODE_SIGN_IDENTITY = "iPhone Developer";
				COPY_PHASE_STRIP = NO;
				DEBUG_INFORMATION_FORMAT = "dwarf-with-dsym";
				ENABLE_NS_ASSERTIONS = NO;
				ENABLE_STRICT_OBJC_MSGSEND = YES;
				GCC_C_LANGUAGE_STANDARD = gnu11;
				GCC_NO_COMMON_BLOCKS = YES;
				GCC_WARN_64_TO_32_BIT_CONVERSION = YES;
				GCC_WARN_ABOUT_RETURN_TYPE = YES_ERROR;
				GCC_WARN_UNDECLARED_SELECTOR = YES;
				GCC_WARN_UNINITIALIZED_AUTOS = YES_AGGRESSIVE;
				GCC_WARN_UNUSED_FUNCTION = YES;
				GCC_WARN_UNUSED_VARIABLE = YES;
				IPHONEOS_DEPLOYMENT_TARGET = 11.4;
				MTL_ENABLE_DEBUG_INFO = NO;
				SDKROOT = iphoneos;
				SWIFT_COMPILATION_MODE = wholemodule;
				SWIFT_OPTIMIZATION_LEVEL = "-O";
				VALIDATE_PRODUCT = YES;
			};
			name = Release;
		};
		7EB714832140B1CB00110D94 /* Debug */ = {
			isa = XCBuildConfiguration;
			buildSettings = {
				ASSETCATALOG_COMPILER_APPICON_NAME = AppIcon;
				CODE_SIGN_STYLE = Automatic;
				DEVELOPMENT_TEAM = 998GL3B87M;
				INFOPLIST_FILE = AYTypeWritter/Info.plist;
				LD_RUNPATH_SEARCH_PATHS = (
					"$(inherited)",
					"@executable_path/Frameworks",
				);
				PRODUCT_BUNDLE_IDENTIFIER = com.ansonyao.AYTypeWriter;
				PRODUCT_NAME = "$(TARGET_NAME)";
				SWIFT_VERSION = 4.0;
				TARGETED_DEVICE_FAMILY = "1,2";
			};
			name = Debug;
		};
		7EB714842140B1CB00110D94 /* Release */ = {
			isa = XCBuildConfiguration;
			buildSettings = {
				ASSETCATALOG_COMPILER_APPICON_NAME = AppIcon;
				CODE_SIGN_STYLE = Automatic;
				DEVELOPMENT_TEAM = 998GL3B87M;
				INFOPLIST_FILE = AYTypeWritter/Info.plist;
				LD_RUNPATH_SEARCH_PATHS = (
					"$(inherited)",
					"@executable_path/Frameworks",
				);
				PRODUCT_BUNDLE_IDENTIFIER = com.ansonyao.AYTypeWriter;
				PRODUCT_NAME = "$(TARGET_NAME)";
				SWIFT_VERSION = 4.0;
				TARGETED_DEVICE_FAMILY = "1,2";
			};
			name = Release;
		};
		7EB714862140B1CB00110D94 /* Debug */ = {
			isa = XCBuildConfiguration;
			buildSettings = {
				ALWAYS_EMBED_SWIFT_STANDARD_LIBRARIES = YES;
				BUNDLE_LOADER = "$(TEST_HOST)";
				CODE_SIGN_STYLE = Automatic;
				DEVELOPMENT_TEAM = 998GL3B87M;
				INFOPLIST_FILE = AYTypeWritterTests/Info.plist;
				LD_RUNPATH_SEARCH_PATHS = (
					"$(inherited)",
					"@executable_path/Frameworks",
					"@loader_path/Frameworks",
				);
				PRODUCT_BUNDLE_IDENTIFIER = com.ansonyao.AYTypeWritterTests;
				PRODUCT_NAME = "$(TARGET_NAME)";
				SWIFT_VERSION = 4.0;
				TARGETED_DEVICE_FAMILY = "1,2";
				TEST_HOST = "$(BUILT_PRODUCTS_DIR)/AYTypeWriterView.app/AYTypeWriterView";
			};
			name = Debug;
		};
		7EB714872140B1CB00110D94 /* Release */ = {
			isa = XCBuildConfiguration;
			buildSettings = {
				ALWAYS_EMBED_SWIFT_STANDARD_LIBRARIES = YES;
				BUNDLE_LOADER = "$(TEST_HOST)";
				CODE_SIGN_STYLE = Automatic;
				DEVELOPMENT_TEAM = 998GL3B87M;
				INFOPLIST_FILE = AYTypeWritterTests/Info.plist;
				LD_RUNPATH_SEARCH_PATHS = (
					"$(inherited)",
					"@executable_path/Frameworks",
					"@loader_path/Frameworks",
				);
				PRODUCT_BUNDLE_IDENTIFIER = com.ansonyao.AYTypeWritterTests;
				PRODUCT_NAME = "$(TARGET_NAME)";
				SWIFT_VERSION = 4.0;
				TARGETED_DEVICE_FAMILY = "1,2";
				TEST_HOST = "$(BUILT_PRODUCTS_DIR)/AYTypeWriterView.app/AYTypeWriterView";
			};
			name = Release;
		};
		7EB714892140B1CB00110D94 /* Debug */ = {
			isa = XCBuildConfiguration;
			buildSettings = {
				ALWAYS_EMBED_SWIFT_STANDARD_LIBRARIES = YES;
				CODE_SIGN_STYLE = Automatic;
				DEVELOPMENT_TEAM = 998GL3B87M;
				INFOPLIST_FILE = AYTypeWritterUITests/Info.plist;
				LD_RUNPATH_SEARCH_PATHS = (
					"$(inherited)",
					"@executable_path/Frameworks",
					"@loader_path/Frameworks",
				);
				PRODUCT_BUNDLE_IDENTIFIER = com.ansonyao.AYTypeWritterUITests;
				PRODUCT_NAME = "$(TARGET_NAME)";
				SWIFT_VERSION = 4.0;
				TARGETED_DEVICE_FAMILY = "1,2";
				TEST_TARGET_NAME = AYTypeWritter;
			};
			name = Debug;
		};
		7EB7148A2140B1CB00110D94 /* Release */ = {
			isa = XCBuildConfiguration;
			buildSettings = {
				ALWAYS_EMBED_SWIFT_STANDARD_LIBRARIES = YES;
				CODE_SIGN_STYLE = Automatic;
				DEVELOPMENT_TEAM = 998GL3B87M;
				INFOPLIST_FILE = AYTypeWritterUITests/Info.plist;
				LD_RUNPATH_SEARCH_PATHS = (
					"$(inherited)",
					"@executable_path/Frameworks",
					"@loader_path/Frameworks",
				);
				PRODUCT_BUNDLE_IDENTIFIER = com.ansonyao.AYTypeWritterUITests;
				PRODUCT_NAME = "$(TARGET_NAME)";
				SWIFT_VERSION = 4.0;
				TARGETED_DEVICE_FAMILY = "1,2";
				TEST_TARGET_NAME = AYTypeWritter;
			};
			name = Release;
		};
/* End XCBuildConfiguration section */

/* Begin XCConfigurationList section */
		7EB714552140B1CA00110D94 /* Build configuration list for PBXProject "AYTypeWriterView" */ = {
			isa = XCConfigurationList;
			buildConfigurations = (
				7EB714802140B1CB00110D94 /* Debug */,
				7EB714812140B1CB00110D94 /* Release */,
			);
			defaultConfigurationIsVisible = 0;
			defaultConfigurationName = Release;
		};
		7EB714822140B1CB00110D94 /* Build configuration list for PBXNativeTarget "AYTypeWriterView" */ = {
			isa = XCConfigurationList;
			buildConfigurations = (
				7EB714832140B1CB00110D94 /* Debug */,
				7EB714842140B1CB00110D94 /* Release */,
			);
			defaultConfigurationIsVisible = 0;
			defaultConfigurationName = Release;
		};
		7EB714852140B1CB00110D94 /* Build configuration list for PBXNativeTarget "AYTypeWriterViewTests" */ = {
			isa = XCConfigurationList;
			buildConfigurations = (
				7EB714862140B1CB00110D94 /* Debug */,
				7EB714872140B1CB00110D94 /* Release */,
			);
			defaultConfigurationIsVisible = 0;
			defaultConfigurationName = Release;
		};
		7EB714882140B1CB00110D94 /* Build configuration list for PBXNativeTarget "AYTypeWriterViewUITests" */ = {
			isa = XCConfigurationList;
			buildConfigurations = (
				7EB714892140B1CB00110D94 /* Debug */,
				7EB7148A2140B1CB00110D94 /* Release */,
			);
			defaultConfigurationIsVisible = 0;
			defaultConfigurationName = Release;
		};
/* End XCConfigurationList section */
	};
	rootObject = 7EB714522140B1CA00110D94 /* Project object */;
}
